
Microsoft Visual Studio Solution File, Format Version 12.00
# Visual Studio Version 17
VisualStudioVersion = 17.11.35222.181
MinimumVisualStudioVersion = 10.0.40219.1
Project("{8BC9CEB8-8B4A-11D0-8D11-00A0C91BC942}") = "BytecodeVM", "source\BytecodeVM.vcxproj", "{B68BD0E2-49B7-4F31-8495-E3F3C2A25E61}"
EndProject
Project("{8BC9CEB8-8B4A-11D0-8D11-00A0C91BC942}") = "UnitTest", "test\UnitTest.vcxproj", "{9E277276-839F-41F4-BFC3-99F9E0E5CA4D}"
EndProject
Global
	GlobalSection(SolutionConfigurationPlatforms) = preSolution
		Debug|x64 = Debug|x64
		Release|x64 = Release|x64
	EndGlobalSection
	GlobalSection(ProjectConfigurationPlatforms) = postSolution
		{B68BD0E2-49B7-4F31-8495-E3F3C2A25E61}.Debug|x64.ActiveCfg = Debug|x64
		{B68BD0E2-49B7-4F31-8495-E3F3C2A25E61}.Debug|x64.Build.0 = Debug|x64
		{B68BD0E2-49B7-4F31-8495-E3F3C2A25E61}.Release|x64.ActiveCfg = Release|x64
		{B68BD0E2-49B7-4F31-8495-E3F3C2A25E61}.Release|x64.Build.0 = Release|x64
		{9E277276-839F-41F4-BFC3-99F9E0E5CA4D}.Debug|x64.ActiveCfg = Debug|x64
		{9E277276-839F-41F4-BFC3-99F9E0E5CA4D}.Debug|x64.Build.0 = Debug|x64
		{9E277276-839F-41F4-BFC3-99F9E0E5CA4D}.Release|x64.ActiveCfg = Release|x64
		{9E277276-839F-41F4-BFC3-99F9E0E5CA4D}.Release|x64.Build.0 = Release|x64
	EndGlobalSection
	GlobalSection(SolutionProperties) = preSolution
		HideSolutionNode = FALSE
	EndGlobalSection
	GlobalSection(ExtensibilityGlobals) = postSolution
		SolutionGuid = {4BE12D64-B724-4599-9ED1-9CDE799526BD}
	EndGlobalSection
EndGlobal
